
Microsoft Visual Studio Solution File, Format Version 12.00
# Visual Studio 2012
Project("{FAE04EC0-301F-11D3-BF4B-00C04F79EFBC}") = "Github.Domain", "src\Github.Domain\Github.Domain.csproj", "{AFB78A32-53D3-49FB-8738-68BD91EF777B}"
EndProject
Project("{FAE04EC0-301F-11D3-BF4B-00C04F79EFBC}") = "Test.Unit", "src\Test.Unit\Test.Unit.csproj", "{B80057B1-21B3-4BEA-9EE5-506AAF36C416}"
EndProject
Project("{FAE04EC0-301F-11D3-BF4B-00C04F79EFBC}") = "Github.Client", "src\Github.Client\Github.Client.csproj", "{9D0A0E1E-BCD9-40C6-A283-93136B86B84F}"
EndProject
Project("{FAE04EC0-301F-11D3-BF4B-00C04F79EFBC}") = "Test.Integration", "src\Test.Integration\Test.Integration.csproj", "{63F9927E-9871-4793-AAAA-B8944F06CE33}"
EndProject
Global
	GlobalSection(SolutionConfigurationPlatforms) = preSolution
		Debug|Any CPU = Debug|Any CPU
		Release|Any CPU = Release|Any CPU
	EndGlobalSection
	GlobalSection(ProjectConfigurationPlatforms) = postSolution
		{AFB78A32-53D3-49FB-8738-68BD91EF777B}.Debug|Any CPU.ActiveCfg = Debug|Any CPU
		{AFB78A32-53D3-49FB-8738-68BD91EF777B}.Debug|Any CPU.Build.0 = Debug|Any CPU
		{AFB78A32-53D3-49FB-8738-68BD91EF777B}.Release|Any CPU.ActiveCfg = Release|Any CPU
		{AFB78A32-53D3-49FB-8738-68BD91EF777B}.Release|Any CPU.Build.0 = Release|Any CPU
		{B80057B1-21B3-4BEA-9EE5-506AAF36C416}.Debug|Any CPU.ActiveCfg = Debug|Any CPU
		{B80057B1-21B3-4BEA-9EE5-506AAF36C416}.Debug|Any CPU.Build.0 = Debug|Any CPU
		{B80057B1-21B3-4BEA-9EE5-506AAF36C416}.Release|Any CPU.ActiveCfg = Release|Any CPU
		{B80057B1-21B3-4BEA-9EE5-506AAF36C416}.Release|Any CPU.Build.0 = Release|Any CPU
		{9D0A0E1E-BCD9-40C6-A283-93136B86B84F}.Debug|Any CPU.ActiveCfg = Debug|Any CPU
		{9D0A0E1E-BCD9-40C6-A283-93136B86B84F}.Debug|Any CPU.Build.0 = Debug|Any CPU
		{9D0A0E1E-BCD9-40C6-A283-93136B86B84F}.Release|Any CPU.ActiveCfg = Release|Any CPU
		{9D0A0E1E-BCD9-40C6-A283-93136B86B84F}.Release|Any CPU.Build.0 = Release|Any CPU
		{63F9927E-9871-4793-AAAA-B8944F06CE33}.Debug|Any CPU.ActiveCfg = Debug|Any CPU
		{63F9927E-9871-4793-AAAA-B8944F06CE33}.Debug|Any CPU.Build.0 = Debug|Any CPU
		{63F9927E-9871-4793-AAAA-B8944F06CE33}.Release|Any CPU.ActiveCfg = Release|Any CPU
		{63F9927E-9871-4793-AAAA-B8944F06CE33}.Release|Any CPU.Build.0 = Release|Any CPU
	EndGlobalSection
	GlobalSection(SolutionProperties) = preSolution
		HideSolutionNode = FALSE
	EndGlobalSection
EndGlobal
